
Microsoft Visual Studio Solution File, Format Version 12.00
# Visual Studio Version 17
VisualStudioVersion = 17.13.35931.197 d17.13
MinimumVisualStudioVersion = 10.0.40219.1
Project("{FAE04EC0-301F-11D3-BF4B-00C04F79EFBC}") = "TodoList", "TodoList\TodoList.csproj", "{23D3D102-1CA7-4838-AEC7-E042FA61A430}"
EndProject
Global
	GlobalSection(SolutionConfigurationPlatforms) = preSolution
		Debug|Any CPU = Debug|Any CPU
		Release|Any CPU = Release|Any CPU
	EndGlobalSection
	GlobalSection(ProjectConfigurationPlatforms) = postSolution
		{23D3D102-1CA7-4838-AEC7-E042FA61A430}.Debug|Any CPU.ActiveCfg = Debug|Any CPU
		{23D3D102-1CA7-4838-AEC7-E042FA61A430}.Debug|Any CPU.Build.0 = Debug|Any CPU
		{23D3D102-1CA7-4838-AEC7-E042FA61A430}.Release|Any CPU.ActiveCfg = Release|Any CPU
		{23D3D102-1CA7-4838-AEC7-E042FA61A430}.Release|Any CPU.Build.0 = Release|Any CPU
	EndGlobalSection
	GlobalSection(SolutionProperties) = preSolution
		HideSolutionNode = FALSE
	EndGlobalSection
	GlobalSection(ExtensibilityGlobals) = postSolution
		SolutionGuid = {97A5865A-9859-472A-9A91-F9DF85D59552}
	EndGlobalSection
EndGlobal
